
Microsoft Visual Studio Solution File, Format Version 12.00
# Visual Studio Version 16
VisualStudioVersion = 16.0.30523.141
MinimumVisualStudioVersion = 10.0.40219.1
Project("{FAE04EC0-301F-11D3-BF4B-00C04F79EFBC}") = "nao_aplicado", "nao_aplicado\nao_aplicado.csproj", "{EBE94067-F33E-4287-9B98-2956E07C6497}"
EndProject
Project("{FAE04EC0-301F-11D3-BF4B-00C04F79EFBC}") = "aplicado", "aplicado\aplicado.csproj", "{980438D8-17E9-4D65-AFB1-1058D876E941}"
EndProject
Global
	GlobalSection(SolutionConfigurationPlatforms) = preSolution
		Debug|Any CPU = Debug|Any CPU
		Release|Any CPU = Release|Any CPU
	EndGlobalSection
	GlobalSection(ProjectConfigurationPlatforms) = postSolution
		{EBE94067-F33E-4287-9B98-2956E07C6497}.Debug|Any CPU.ActiveCfg = Debug|Any CPU
		{EBE94067-F33E-4287-9B98-2956E07C6497}.Debug|Any CPU.Build.0 = Debug|Any CPU
		{EBE94067-F33E-4287-9B98-2956E07C6497}.Release|Any CPU.ActiveCfg = Release|Any CPU
		{EBE94067-F33E-4287-9B98-2956E07C6497}.Release|Any CPU.Build.0 = Release|Any CPU
		{980438D8-17E9-4D65-AFB1-1058D876E941}.Debug|Any CPU.ActiveCfg = Debug|Any CPU
		{980438D8-17E9-4D65-AFB1-1058D876E941}.Debug|Any CPU.Build.0 = Debug|Any CPU
		{980438D8-17E9-4D65-AFB1-1058D876E941}.Release|Any CPU.ActiveCfg = Release|Any CPU
		{980438D8-17E9-4D65-AFB1-1058D876E941}.Release|Any CPU.Build.0 = Release|Any CPU
	EndGlobalSection
	GlobalSection(SolutionProperties) = preSolution
		HideSolutionNode = FALSE
	EndGlobalSection
	GlobalSection(ExtensibilityGlobals) = postSolution
		SolutionGuid = {2694F018-1380-4602-90F7-524C0146783E}
	EndGlobalSection
EndGlobal
